
Microsoft Visual Studio Solution File, Format Version 12.00
# Visual Studio Version 17
VisualStudioVersion = 17.5.33627.172
MinimumVisualStudioVersion = 10.0.40219.1
Project("{8BC9CEB8-8B4A-11D0-8D11-00A0C91BC942}") = "DoveRunnerCpixClientWrapper", "DoveRunnerCpixClientWrapper\DoveRunnerCpixClientWrapper.vcxproj", "{3A3E00DB-8D96-4C7F-81D1-D4C278399927}"
EndProject
Project("{FAE04EC0-301F-11D3-BF4B-00C04F79EFBC}") = "DoveRunnerCpixClientSample", "DoveRunnerCpixClientSample\DoveRunnerCpixClientSample.csproj", "{A8166A27-2A9B-9BAB-093F-4CDAD7AA47EB}"
EndProject
Global
	GlobalSection(SolutionConfigurationPlatforms) = preSolution
		Debug|x64 = Debug|x64
		Debug|x86 = Debug|x86
		Release|x64 = Release|x64
		Release|x86 = Release|x86
	EndGlobalSection
	GlobalSection(ProjectConfigurationPlatforms) = postSolution
		{3A3E00DB-8D96-4C7F-81D1-D4C278399927}.Debug|x64.ActiveCfg = Debug|x64
		{3A3E00DB-8D96-4C7F-81D1-D4C278399927}.Debug|x64.Build.0 = Debug|x64
		{3A3E00DB-8D96-4C7F-81D1-D4C278399927}.Debug|x86.ActiveCfg = Debug|Win32
		{3A3E00DB-8D96-4C7F-81D1-D4C278399927}.Debug|x86.Build.0 = Debug|Win32
		{3A3E00DB-8D96-4C7F-81D1-D4C278399927}.Release|x64.ActiveCfg = Release|x64
		{3A3E00DB-8D96-4C7F-81D1-D4C278399927}.Release|x64.Build.0 = Release|x64
		{3A3E00DB-8D96-4C7F-81D1-D4C278399927}.Release|x86.ActiveCfg = Release|Win32
		{3A3E00DB-8D96-4C7F-81D1-D4C278399927}.Release|x86.Build.0 = Release|Win32
		{A8166A27-2A9B-9BAB-093F-4CDAD7AA47EB}.Debug|x64.ActiveCfg = Debug|x64
		{A8166A27-2A9B-9BAB-093F-4CDAD7AA47EB}.Debug|x64.Build.0 = Debug|x64
		{A8166A27-2A9B-9BAB-093F-4CDAD7AA47EB}.Debug|x86.ActiveCfg = Debug|x86
		{A8166A27-2A9B-9BAB-093F-4CDAD7AA47EB}.Debug|x86.Build.0 = Debug|x86
		{A8166A27-2A9B-9BAB-093F-4CDAD7AA47EB}.Release|x64.ActiveCfg = Release|x64
		{A8166A27-2A9B-9BAB-093F-4CDAD7AA47EB}.Release|x64.Build.0 = Release|x64
		{A8166A27-2A9B-9BAB-093F-4CDAD7AA47EB}.Release|x86.ActiveCfg = Release|x86
		{A8166A27-2A9B-9BAB-093F-4CDAD7AA47EB}.Release|x86.Build.0 = Release|x86
	EndGlobalSection
	GlobalSection(SolutionProperties) = preSolution
		HideSolutionNode = FALSE
	EndGlobalSection
	GlobalSection(ExtensibilityGlobals) = postSolution
		SolutionGuid = {851C5482-1038-421F-9A5C-2D9DAE799E6B}
	EndGlobalSection
EndGlobal
